// !$*UTF8*$!
{
	archiveVersion = 1;
	classes = {
	};
	objectVersion = 56;
	objects = {

/* Begin PBXBuildFile section */
		7B65CE3029821B5B0048A751 /* CSDataSource.swift in Sources */ = {isa = PBXBuildFile; fileRef = 7B65CE2F29821B5B0048A751 /* CSDataSource.swift */; };
		7B65CE3229821B720048A751 /* CSDataProcessor.swift in Sources */ = {isa = PBXBuildFile; fileRef = 7B65CE3129821B720048A751 /* CSDataProcessor.swift */; };
		7B65CE34298224540048A751 /* CSDataPipe.swift in Sources */ = {isa = PBXBuildFile; fileRef = 7B65CE33298224540048A751 /* CSDataPipe.swift */; };
		7B65CE3929827A4E0048A751 /* CameraSource.swift in Sources */ = {isa = PBXBuildFile; fileRef = 7B65CE3829827A4E0048A751 /* CameraSource.swift */; };
		7B65CE3B2984CF7C0048A751 /* CameraCapture.swift in Sources */ = {isa = PBXBuildFile; fileRef = 7B65CE3A2984CF7C0048A751 /* CameraCapture.swift */; };
		7B65CE3D29860CDE0048A751 /* CustomProcessor.swift in Sources */ = {isa = PBXBuildFile; fileRef = 7B65CE3C29860CDE0048A751 /* CustomProcessor.swift */; };
		7B65CE3F298622AA0048A751 /* YUV2RGBProcessor.swift in Sources */ = {isa = PBXBuildFile; fileRef = 7B65CE3E298622AA0048A751 /* YUV2RGBProcessor.swift */; };
		7BCF499129794698002BA8EF /* AppDelegate.swift in Sources */ = {isa = PBXBuildFile; fileRef = 7BCF499029794698002BA8EF /* AppDelegate.swift */; };
		7BCF499329794698002BA8EF /* SceneDelegate.swift in Sources */ = {isa = PBXBuildFile; fileRef = 7BCF499229794698002BA8EF /* SceneDelegate.swift */; };
		7BCF499529794698002BA8EF /* ViewController.swift in Sources */ = {isa = PBXBuildFile; fileRef = 7BCF499429794698002BA8EF /* ViewController.swift */; };
		7BCF499829794698002BA8EF /* Main.storyboard in Resources */ = {isa = PBXBuildFile; fileRef = 7BCF499629794698002BA8EF /* Main.storyboard */; };
		7BCF499A29794699002BA8EF /* Assets.xcassets in Resources */ = {isa = PBXBuildFile; fileRef = 7BCF499929794699002BA8EF /* Assets.xcassets */; };
		7BCF499D29794699002BA8EF /* LaunchScreen.storyboard in Resources */ = {isa = PBXBuildFile; fileRef = 7BCF499B29794699002BA8EF /* LaunchScreen.storyboard */; };
		7BCF49A8297946BB002BA8EF /* DataPipe.c in Sources */ = {isa = PBXBuildFile; fileRef = 7BCF49A7297946BB002BA8EF /* DataPipe.c */; };
		7BEA00F9298A088F0028EED6 /* CSDataUtils.swift in Sources */ = {isa = PBXBuildFile; fileRef = 7BEA00F8298A088F0028EED6 /* CSDataUtils.swift */; };
		7BEA0100298B88860028EED6 /* Shaders.metal in Sources */ = {isa = PBXBuildFile; fileRef = 7BEA00FC298B88860028EED6 /* Shaders.metal */; };
		7BEA0101298B88860028EED6 /* MetalTextureToColor.swift in Sources */ = {isa = PBXBuildFile; fileRef = 7BEA00FE298B88860028EED6 /* MetalTextureToColor.swift */; };
		7BEA0102298B88860028EED6 /* MetalRenderer.swift in Sources */ = {isa = PBXBuildFile; fileRef = 7BEA00FF298B88860028EED6 /* MetalRenderer.swift */; };
/* End PBXBuildFile section */

/* Begin PBXFileReference section */
		7B65CE2F29821B5B0048A751 /* CSDataSource.swift */ = {isa = PBXFileReference; lastKnownFileType = sourcecode.swift; path = CSDataSource.swift; sourceTree = "<group>"; };
		7B65CE3129821B720048A751 /* CSDataProcessor.swift */ = {isa = PBXFileReference; lastKnownFileType = sourcecode.swift; path = CSDataProcessor.swift; sourceTree = "<group>"; };
		7B65CE33298224540048A751 /* CSDataPipe.swift */ = {isa = PBXFileReference; lastKnownFileType = sourcecode.swift; path = CSDataPipe.swift; sourceTree = "<group>"; };
		7B65CE3829827A4E0048A751 /* CameraSource.swift */ = {isa = PBXFileReference; lastKnownFileType = sourcecode.swift; path = CameraSource.swift; sourceTree = "<group>"; };
		7B65CE3A2984CF7C0048A751 /* CameraCapture.swift */ = {isa = PBXFileReference; fileEncoding = 4; lastKnownFileType = sourcecode.swift; path = CameraCapture.swift; sourceTree = "<group>"; };
		7B65CE3C29860CDE0048A751 /* CustomProcessor.swift */ = {isa = PBXFileReference; lastKnownFileType = sourcecode.swift; path = CustomProcessor.swift; sourceTree = "<group>"; };
		7B65CE3E298622AA0048A751 /* YUV2RGBProcessor.swift */ = {isa = PBXFileReference; lastKnownFileType = sourcecode.swift; path = YUV2RGBProcessor.swift; sourceTree = "<group>"; };
		7B65CE40298769FD0048A751 /* DataPipe_Internal.h */ = {isa = PBXFileReference; lastKnownFileType = sourcecode.c.h; path = DataPipe_Internal.h; sourceTree = "<group>"; };
		7BCF498D29794698002BA8EF /* DataPipeTest.app */ = {isa = PBXFileReference; explicitFileType = wrapper.application; includeInIndex = 0; path = DataPipeTest.app; sourceTree = BUILT_PRODUCTS_DIR; };
		7BCF499029794698002BA8EF /* AppDelegate.swift */ = {isa = PBXFileReference; lastKnownFileType = sourcecode.swift; path = AppDelegate.swift; sourceTree = "<group>"; };
		7BCF499229794698002BA8EF /* SceneDelegate.swift */ = {isa = PBXFileReference; lastKnownFileType = sourcecode.swift; path = SceneDelegate.swift; sourceTree = "<group>"; };
		7BCF499429794698002BA8EF /* ViewController.swift */ = {isa = PBXFileReference; lastKnownFileType = sourcecode.swift; path = ViewController.swift; sourceTree = "<group>"; };
		7BCF499729794698002BA8EF /* Base */ = {isa = PBXFileReference; lastKnownFileType = file.storyboard; name = Base; path = Base.lproj/Main.storyboard; sourceTree = "<group>"; };
		7BCF499929794699002BA8EF /* Assets.xcassets */ = {isa = PBXFileReference; lastKnownFileType = folder.assetcatalog; path = Assets.xcassets; sourceTree = "<group>"; };
		7BCF499C29794699002BA8EF /* Base */ = {isa = PBXFileReference; lastKnownFileType = file.storyboard; name = Base; path = Base.lproj/LaunchScreen.storyboard; sourceTree = "<group>"; };
		7BCF499E29794699002BA8EF /* Info.plist */ = {isa = PBXFileReference; lastKnownFileType = text.plist.xml; path = Info.plist; sourceTree = "<group>"; };
		7BCF49A5297946BA002BA8EF /* DataPipeTest-Bridging-Header.h */ = {isa = PBXFileReference; lastKnownFileType = sourcecode.c.h; path = "DataPipeTest-Bridging-Header.h"; sourceTree = "<group>"; };
		7BCF49A6297946BB002BA8EF /* DataPipe.h */ = {isa = PBXFileReference; lastKnownFileType = sourcecode.c.h; path = DataPipe.h; sourceTree = "<group>"; };
		7BCF49A7297946BB002BA8EF /* DataPipe.c */ = {isa = PBXFileReference; lastKnownFileType = sourcecode.c.c; path = DataPipe.c; sourceTree = "<group>"; };
		7BEA00F8298A088F0028EED6 /* CSDataUtils.swift */ = {isa = PBXFileReference; lastKnownFileType = sourcecode.swift; path = CSDataUtils.swift; sourceTree = "<group>"; };
		7BEA00FC298B88860028EED6 /* Shaders.metal */ = {isa = PBXFileReference; fileEncoding = 4; lastKnownFileType = sourcecode.metal; path = Shaders.metal; sourceTree = "<group>"; };
		7BEA00FD298B88860028EED6 /* ShaderTypes.h */ = {isa = PBXFileReference; fileEncoding = 4; lastKnownFileType = sourcecode.c.h; path = ShaderTypes.h; sourceTree = "<group>"; };
		7BEA00FE298B88860028EED6 /* MetalTextureToColor.swift */ = {isa = PBXFileReference; fileEncoding = 4; lastKnownFileType = sourcecode.swift; path = MetalTextureToColor.swift; sourceTree = "<group>"; };
		7BEA00FF298B88860028EED6 /* MetalRenderer.swift */ = {isa = PBXFileReference; fileEncoding = 4; lastKnownFileType = sourcecode.swift; path = MetalRenderer.swift; sourceTree = "<group>"; };
/* End PBXFileReference section */

/* Begin PBXFrameworksBuildPhase section */
		7BCF498A29794698002BA8EF /* Frameworks */ = {
			isa = PBXFrameworksBuildPhase;
			buildActionMask = 2147483647;
			files = (
			);
			runOnlyForDeploymentPostprocessing = 0;
		};
/* End PBXFrameworksBuildPhase section */

/* Begin PBXGroup section */
		7B65CE3729827A1F0048A751 /* Moudle */ = {
			isa = PBXGroup;
			children = (
				7B65CE2F29821B5B0048A751 /* CSDataSource.swift */,
				7B65CE3129821B720048A751 /* CSDataProcessor.swift */,
				7B65CE33298224540048A751 /* CSDataPipe.swift */,
				7BEA00F8298A088F0028EED6 /* CSDataUtils.swift */,
			);
			path = Moudle;
			sourceTree = "<group>";
		};
		7BCF498429794698002BA8EF = {
			isa = PBXGroup;
			children = (
				7BCF498F29794698002BA8EF /* DataPipeTest */,
				7BCF498E29794698002BA8EF /* Products */,
			);
			sourceTree = "<group>";
		};
		7BCF498E29794698002BA8EF /* Products */ = {
			isa = PBXGroup;
			children = (
				7BCF498D29794698002BA8EF /* DataPipeTest.app */,
			);
			name = Products;
			sourceTree = "<group>";
		};
		7BCF498F29794698002BA8EF /* DataPipeTest */ = {
			isa = PBXGroup;
			children = (
				7BEA00FA298B886C0028EED6 /* Examples */,
				7B65CE3729827A1F0048A751 /* Moudle */,
				7BCF49A4297946A0002BA8EF /* Native */,
				7BCF499029794698002BA8EF /* AppDelegate.swift */,
				7BCF499229794698002BA8EF /* SceneDelegate.swift */,
				7BCF499429794698002BA8EF /* ViewController.swift */,
				7BCF499629794698002BA8EF /* Main.storyboard */,
				7BCF499929794699002BA8EF /* Assets.xcassets */,
				7BCF499B29794699002BA8EF /* LaunchScreen.storyboard */,
				7BCF499E29794699002BA8EF /* Info.plist */,
			);
			path = DataPipeTest;
			sourceTree = "<group>";
		};
		7BCF49A4297946A0002BA8EF /* Native */ = {
			isa = PBXGroup;
			children = (
				7BCF49A6297946BB002BA8EF /* DataPipe.h */,
				7B65CE40298769FD0048A751 /* DataPipe_Internal.h */,
				7BCF49A7297946BB002BA8EF /* DataPipe.c */,
				7BCF49A5297946BA002BA8EF /* DataPipeTest-Bridging-Header.h */,
			);
			path = Native;
			sourceTree = "<group>";
		};
		7BEA00FA298B886C0028EED6 /* Examples */ = {
			isa = PBXGroup;
			children = (
				7B65CE3829827A4E0048A751 /* CameraSource.swift */,
				7B65CE3A2984CF7C0048A751 /* CameraCapture.swift */,
				7B65CE3C29860CDE0048A751 /* CustomProcessor.swift */,
				7B65CE3E298622AA0048A751 /* YUV2RGBProcessor.swift */,
				7BEA00FB298B88720028EED6 /* Metal */,
			);
			path = Examples;
			sourceTree = "<group>";
		};
		7BEA00FB298B88720028EED6 /* Metal */ = {
			isa = PBXGroup;
			children = (
				7BEA00FF298B88860028EED6 /* MetalRenderer.swift */,
				7BEA00FE298B88860028EED6 /* MetalTextureToColor.swift */,
				7BEA00FC298B88860028EED6 /* Shaders.metal */,
				7BEA00FD298B88860028EED6 /* ShaderTypes.h */,
			);
			path = Metal;
			sourceTree = "<group>";
		};
/* End PBXGroup section */

/* Begin PBXNativeTarget section */
		7BCF498C29794698002BA8EF /* DataPipeTest */ = {
			isa = PBXNativeTarget;
			buildConfigurationList = 7BCF49A129794699002BA8EF /* Build configuration list for PBXNativeTarget "DataPipeTest" */;
			buildPhases = (
				7BCF498929794698002BA8EF /* Sources */,
				7BCF498A29794698002BA8EF /* Frameworks */,
				7BCF498B29794698002BA8EF /* Resources */,
			);
			buildRules = (
			);
			dependencies = (
			);
			name = DataPipeTest;
			productName = DataPipeTest;
			productReference = 7BCF498D29794698002BA8EF /* DataPipeTest.app */;
			productType = "com.apple.product-type.application";
		};
/* End PBXNativeTarget section */

/* Begin PBXProject section */
		7BCF498529794698002BA8EF /* Project object */ = {
			isa = PBXProject;
			attributes = {
				BuildIndependentTargetsInParallel = 1;
				LastSwiftUpdateCheck = 1420;
				LastUpgradeCheck = 1420;
				TargetAttributes = {
					7BCF498C29794698002BA8EF = {
						CreatedOnToolsVersion = 14.2;
						LastSwiftMigration = 1420;
					};
				};
			};
			buildConfigurationList = 7BCF498829794698002BA8EF /* Build configuration list for PBXProject "DataPipeTest" */;
			compatibilityVersion = "Xcode 14.0";
			developmentRegion = en;
			hasScannedForEncodings = 0;
			knownRegions = (
				en,
				Base,
			);
			mainGroup = 7BCF498429794698002BA8EF;
			productRefGroup = 7BCF498E29794698002BA8EF /* Products */;
			projectDirPath = "";
			projectRoot = "";
			targets = (
				7BCF498C29794698002BA8EF /* DataPipeTest */,
			);
		};
/* End PBXProject section */

/* Begin PBXResourcesBuildPhase section */
		7BCF498B29794698002BA8EF /* Resources */ = {
			isa = PBXResourcesBuildPhase;
			buildActionMask = 2147483647;
			files = (
				7BCF499D29794699002BA8EF /* LaunchScreen.storyboard in Resources */,
				7BCF499A29794699002BA8EF /* Assets.xcassets in Resources */,
				7BCF499829794698002BA8EF /* Main.storyboard in Resources */,
			);
			runOnlyForDeploymentPostprocessing = 0;
		};
/* End PBXResourcesBuildPhase section */

/* Begin PBXSourcesBuildPhase section */
		7BCF498929794698002BA8EF /* Sources */ = {
			isa = PBXSourcesBuildPhase;
			buildActionMask = 2147483647;
			files = (
				7B65CE3F298622AA0048A751 /* YUV2RGBProcessor.swift in Sources */,
				7B65CE3229821B720048A751 /* CSDataProcessor.swift in Sources */,
				7BEA0100298B88860028EED6 /* Shaders.metal in Sources */,
				7BCF499529794698002BA8EF /* ViewController.swift in Sources */,
				7BCF499129794698002BA8EF /* AppDelegate.swift in Sources */,
				7BCF499329794698002BA8EF /* SceneDelegate.swift in Sources */,
				7BEA00F9298A088F0028EED6 /* CSDataUtils.swift in Sources */,
				7B65CE3B2984CF7C0048A751 /* CameraCapture.swift in Sources */,
				7B65CE3D29860CDE0048A751 /* CustomProcessor.swift in Sources */,
				7B65CE34298224540048A751 /* CSDataPipe.swift in Sources */,
				7BEA0101298B88860028EED6 /* MetalTextureToColor.swift in Sources */,
				7B65CE3029821B5B0048A751 /* CSDataSource.swift in Sources */,
				7BCF49A8297946BB002BA8EF /* DataPipe.c in Sources */,
				7B65CE3929827A4E0048A751 /* CameraSource.swift in Sources */,
				7BEA0102298B88860028EED6 /* MetalRenderer.swift in Sources */,
			);
			runOnlyForDeploymentPostprocessing = 0;
		};
/* End PBXSourcesBuildPhase section */

/* Begin PBXVariantGroup section */
		7BCF499629794698002BA8EF /* Main.storyboard */ = {
			isa = PBXVariantGroup;
			children = (
				7BCF499729794698002BA8EF /* Base */,
			);
			name = Main.storyboard;
			sourceTree = "<group>";
		};
		7BCF499B29794699002BA8EF /* LaunchScreen.storyboard */ = {
			isa = PBXVariantGroup;
			children = (
				7BCF499C29794699002BA8EF /* Base */,
			);
			name = LaunchScreen.storyboard;
			sourceTree = "<group>";
		};
/* End PBXVariantGroup section */

/* Begin XCBuildConfiguration section */
		7BCF499F29794699002BA8EF /* Debug */ = {
			isa = XCBuildConfiguration;
			buildSettings = {
				ALWAYS_SEARCH_USER_PATHS = NO;
				CLANG_ANALYZER_NONNULL = YES;
				CLANG_ANALYZER_NUMBER_OBJECT_CONVERSION = YES_AGGRESSIVE;
				CLANG_CXX_LANGUAGE_STANDARD = "gnu++20";
				CLANG_ENABLE_MODULES = YES;
				CLANG_ENABLE_OBJC_ARC = YES;
				CLANG_ENABLE_OBJC_WEAK = YES;
				CLANG_WARN_BLOCK_CAPTURE_AUTORELEASING = YES;
				CLANG_WARN_BOOL_CONVERSION = YES;
				CLANG_WARN_COMMA = YES;
				CLANG_WARN_CONSTANT_CONVERSION = YES;
				CLANG_WARN_DEPRECATED_OBJC_IMPLEMENTATIONS = YES;
				CLANG_WARN_DIRECT_OBJC_ISA_USAGE = YES_ERROR;
				CLANG_WARN_DOCUMENTATION_COMMENTS = YES;
				CLANG_WARN_EMPTY_BODY = YES;
				CLANG_WARN_ENUM_CONVERSION = YES;
				CLANG_WARN_INFINITE_RECURSION = YES;
				CLANG_WARN_INT_CONVERSION = YES;
				CLANG_WARN_NON_LITERAL_NULL_CONVERSION = YES;
				CLANG_WARN_OBJC_IMPLICIT_RETAIN_SELF = YES;
				CLANG_WARN_OBJC_LITERAL_CONVERSION = YES;
				CLANG_WARN_OBJC_ROOT_CLASS = YES_ERROR;
				CLANG_WARN_QUOTED_INCLUDE_IN_FRAMEWORK_HEADER = YES;
				CLANG_WARN_RANGE_LOOP_ANALYSIS = YES;
				CLANG_WARN_STRICT_PROTOTYPES = YES;
				CLANG_WARN_SUSPICIOUS_MOVE = YES;
				CLANG_WARN_UNGUARDED_AVAILABILITY = YES_AGGRESSIVE;
				CLANG_WARN_UNREACHABLE_CODE = YES;
				CLANG_WARN__DUPLICATE_METHOD_MATCH = YES;
				COPY_PHASE_STRIP = NO;
				DEBUG_INFORMATION_FORMAT = dwarf;
				ENABLE_STRICT_OBJC_MSGSEND = YES;
				ENABLE_TESTABILITY = YES;
				GCC_C_LANGUAGE_STANDARD = gnu11;
				GCC_DYNAMIC_NO_PIC = NO;
				GCC_NO_COMMON_BLOCKS = YES;
				GCC_OPTIMIZATION_LEVEL = 0;
				GCC_PREPROCESSOR_DEFINITIONS = (
					"DEBUG=1",
					"$(inherited)",
				);
				GCC_WARN_64_TO_32_BIT_CONVERSION = YES;
				GCC_WARN_ABOUT_RETURN_TYPE = YES_ERROR;
				GCC_WARN_UNDECLARED_SELECTOR = YES;
				GCC_WARN_UNINITIALIZED_AUTOS = YES_AGGRESSIVE;
				GCC_WARN_UNUSED_FUNCTION = YES;
				GCC_WARN_UNUSED_VARIABLE = YES;
				IPHONEOS_DEPLOYMENT_TARGET = 16.2;
				MTL_ENABLE_DEBUG_INFO = INCLUDE_SOURCE;
				MTL_FAST_MATH = YES;
				ONLY_ACTIVE_ARCH = YES;
				SDKROOT = iphoneos;
				SWIFT_ACTIVE_COMPILATION_CONDITIONS = DEBUG;
				SWIFT_OPTIMIZATION_LEVEL = "-Onone";
			};
			name = Debug;
		};
		7BCF49A029794699002BA8EF /* Release */ = {
			isa = XCBuildConfiguration;
			buildSettings = {
				ALWAYS_SEARCH_USER_PATHS = NO;
				CLANG_ANALYZER_NONNULL = YES;
				CLANG_ANALYZER_NUMBER_OBJECT_CONVERSION = YES_AGGRESSIVE;
				CLANG_CXX_LANGUAGE_STANDARD = "gnu++20";
				CLANG_ENABLE_MODULES = YES;
				CLANG_ENABLE_OBJC_ARC = YES;
				CLANG_ENABLE_OBJC_WEAK = YES;
				CLANG_WARN_BLOCK_CAPTURE_AUTORELEASING = YES;
				CLANG_WARN_BOOL_CONVERSION = YES;
				CLANG_WARN_COMMA = YES;
				CLANG_WARN_CONSTANT_CONVERSION = YES;
				CLANG_WARN_DEPRECATED_OBJC_IMPLEMENTATIONS = YES;
				CLANG_WARN_DIRECT_OBJC_ISA_USAGE = YES_ERROR;
				CLANG_WARN_DOCUMENTATION_COMMENTS = YES;
				CLANG_WARN_EMPTY_BODY = YES;
				CLANG_WARN_ENUM_CONVERSION = YES;
				CLANG_WARN_INFINITE_RECURSION = YES;
				CLANG_WARN_INT_CONVERSION = YES;
				CLANG_WARN_NON_LITERAL_NULL_CONVERSION = YES;
				CLANG_WARN_OBJC_IMPLICIT_RETAIN_SELF = YES;
				CLANG_WARN_OBJC_LITERAL_CONVERSION = YES;
				CLANG_WARN_OBJC_ROOT_CLASS = YES_ERROR;
				CLANG_WARN_QUOTED_INCLUDE_IN_FRAMEWORK_HEADER = YES;
				CLANG_WARN_RANGE_LOOP_ANALYSIS = YES;
				CLANG_WARN_STRICT_PROTOTYPES = YES;
				CLANG_WARN_SUSPICIOUS_MOVE = YES;
				CLANG_WARN_UNGUARDED_AVAILABILITY = YES_AGGRESSIVE;
				CLANG_WARN_UNREACHABLE_CODE = YES;
				CLANG_WARN__DUPLICATE_METHOD_MATCH = YES;
				COPY_PHASE_STRIP = NO;
				DEBUG_INFORMATION_FORMAT = "dwarf-with-dsym";
				ENABLE_NS_ASSERTIONS = NO;
				ENABLE_STRICT_OBJC_MSGSEND = YES;
				GCC_C_LANGUAGE_STANDARD = gnu11;
				GCC_NO_COMMON_BLOCKS = YES;
				GCC_WARN_64_TO_32_BIT_CONVERSION = YES;
				GCC_WARN_ABOUT_RETURN_TYPE = YES_ERROR;
				GCC_WARN_UNDECLARED_SELECTOR = YES;
				GCC_WARN_UNINITIALIZED_AUTOS = YES_AGGRESSIVE;
				GCC_WARN_UNUSED_FUNCTION = YES;
				GCC_WARN_UNUSED_VARIABLE = YES;
				IPHONEOS_DEPLOYMENT_TARGET = 16.2;
				MTL_ENABLE_DEBUG_INFO = NO;
				MTL_FAST_MATH = YES;
				SDKROOT = iphoneos;
				SWIFT_COMPILATION_MODE = wholemodule;
				SWIFT_OPTIMIZATION_LEVEL = "-O";
				VALIDATE_PRODUCT = YES;
			};
			name = Release;
		};
		7BCF49A229794699002BA8EF /* Debug */ = {
			isa = XCBuildConfiguration;
			buildSettings = {
				ASSETCATALOG_COMPILER_APPICON_NAME = AppIcon;
				ASSETCATALOG_COMPILER_GLOBAL_ACCENT_COLOR_NAME = AccentColor;
				CLANG_ENABLE_MODULES = YES;
				CODE_SIGN_STYLE = Automatic;
				CURRENT_PROJECT_VERSION = 1;
				DEVELOPMENT_TEAM = JPZNX349UH;
				GENERATE_INFOPLIST_FILE = YES;
				INFOPLIST_FILE = DataPipeTest/Info.plist;
				INFOPLIST_KEY_UIApplicationSupportsIndirectInputEvents = YES;
				INFOPLIST_KEY_UILaunchStoryboardName = LaunchScreen;
				INFOPLIST_KEY_UIMainStoryboardFile = Main;
				INFOPLIST_KEY_UISupportedInterfaceOrientations_iPad = "UIInterfaceOrientationPortrait UIInterfaceOrientationPortraitUpsideDown UIInterfaceOrientationLandscapeLeft UIInterfaceOrientationLandscapeRight";
				INFOPLIST_KEY_UISupportedInterfaceOrientations_iPhone = "UIInterfaceOrientationPortrait UIInterfaceOrientationLandscapeLeft UIInterfaceOrientationLandscapeRight";
				IPHONEOS_DEPLOYMENT_TARGET = 15.0;
				LD_RUNPATH_SEARCH_PATHS = (
					"$(inherited)",
					"@executable_path/Frameworks",
				);
				MARKETING_VERSION = 1.0;
				PRODUCT_BUNDLE_IDENTIFIER = com.hao.fu.DataPipeTest;
				PRODUCT_NAME = "$(TARGET_NAME)";
				SWIFT_EMIT_LOC_STRINGS = YES;
				SWIFT_OBJC_BRIDGING_HEADER = "DataPipeTest/Native/DataPipeTest-Bridging-Header.h";
				SWIFT_OPTIMIZATION_LEVEL = "-Onone";
				SWIFT_VERSION = 5.0;
				TARGETED_DEVICE_FAMILY = "1,2";
			};
			name = Debug;
		};
		7BCF49A329794699002BA8EF /* Release */ = {
			isa = XCBuildConfiguration;
			buildSettings = {
				ASSETCATALOG_COMPILER_APPICON_NAME = AppIcon;
				ASSETCATALOG_COMPILER_GLOBAL_ACCENT_COLOR_NAME = AccentColor;
				CLANG_ENABLE_MODULES = YES;
				CODE_SIGN_STYLE = Automatic;
				CURRENT_PROJECT_VERSION = 1;
				DEVELOPMENT_TEAM = JPZNX349UH;
				GENERATE_INFOPLIST_FILE = YES;
				INFOPLIST_FILE = DataPipeTest/Info.plist;
				INFOPLIST_KEY_UIApplicationSupportsIndirectInputEvents = YES;
				INFOPLIST_KEY_UILaunchStoryboardName = LaunchScreen;
				INFOPLIST_KEY_UIMainStoryboardFile = Main;
				INFOPLIST_KEY_UISupportedInterfaceOrientations_iPad = "UIInterfaceOrientationPortrait UIInterfaceOrientationPortraitUpsideDown UIInterfaceOrientationLandscapeLeft UIInterfaceOrientationLandscapeRight";
				INFOPLIST_KEY_UISupportedInterfaceOrientations_iPhone = "UIInterfaceOrientationPortrait UIInterfaceOrientationLandscapeLeft UIInterfaceOrientationLandscapeRight";
				IPHONEOS_DEPLOYMENT_TARGET = 15.0;
				LD_RUNPATH_SEARCH_PATHS = (
					"$(inherited)",
					"@executable_path/Frameworks",
				);
				MARKETING_VERSION = 1.0;
				PRODUCT_BUNDLE_IDENTIFIER = com.hao.fu.DataPipeTest;
				PRODUCT_NAME = "$(TARGET_NAME)";
				SWIFT_EMIT_LOC_STRINGS = YES;
				SWIFT_OBJC_BRIDGING_HEADER = "DataPipeTest/Native/DataPipeTest-Bridging-Header.h";
				SWIFT_VERSION = 5.0;
				TARGETED_DEVICE_FAMILY = "1,2";
			};
			name = Release;
		};
/* End XCBuildConfiguration section */

/* Begin XCConfigurationList section */
		7BCF498829794698002BA8EF /* Build configuration list for PBXProject "DataPipeTest" */ = {
			isa = XCConfigurationList;
			buildConfigurations = (
				7BCF499F29794699002BA8EF /* Debug */,
				7BCF49A029794699002BA8EF /* Release */,
			);
			defaultConfigurationIsVisible = 0;
			defaultConfigurationName = Release;
		};
		7BCF49A129794699002BA8EF /* Build configuration list for PBXNativeTarget "DataPipeTest" */ = {
			isa = XCConfigurationList;
			buildConfigurations = (
				7BCF49A229794699002BA8EF /* Debug */,
				7BCF49A329794699002BA8EF /* Release */,
			);
			defaultConfigurationIsVisible = 0;
			defaultConfigurationName = Release;
		};
/* End XCConfigurationList section */
	};
	rootObject = 7BCF498529794698002BA8EF /* Project object */;
}
